// !$*UTF8*$!
{
	archiveVersion = 1;
	classes = {
	};
	objectVersion = 46;
	objects = {

/* Begin PBXBuildFile section */
		40079BAB1863477B000BD10A /* Foundation.framework in Frameworks */ = {isa = PBXBuildFile; fileRef = 40079BAA1863477B000BD10A /* Foundation.framework */; };
		40079BAD1863477B000BD10A /* CoreGraphics.framework in Frameworks */ = {isa = PBXBuildFile; fileRef = 40079BAC1863477B000BD10A /* CoreGraphics.framework */; };
		40079BAF1863477B000BD10A /* UIKit.framework in Frameworks */ = {isa = PBXBuildFile; fileRef = 40079BAE1863477B000BD10A /* UIKit.framework */; };
		40079BB51863477B000BD10A /* InfoPlist.strings in Resources */ = {isa = PBXBuildFile; fileRef = 40079BB31863477B000BD10A /* InfoPlist.strings */; };
		40079BB71863477B000BD10A /* main.m in Sources */ = {isa = PBXBuildFile; fileRef = 40079BB61863477B000BD10A /* main.m */; };
		40079BBB1863477B000BD10A /* AppDelegate.m in Sources */ = {isa = PBXBuildFile; fileRef = 40079BBA1863477B000BD10A /* AppDelegate.m */; };
		40079BBE1863477B000BD10A /* Main.storyboard in Resources */ = {isa = PBXBuildFile; fileRef = 40079BBC1863477B000BD10A /* Main.storyboard */; };
		40079BC11863477B000BD10A /* ViewController.m in Sources */ = {isa = PBXBuildFile; fileRef = 40079BC01863477B000BD10A /* ViewController.m */; };
		40079BC31863477B000BD10A /* Images.xcassets in Resources */ = {isa = PBXBuildFile; fileRef = 40079BC21863477B000BD10A /* Images.xcassets */; };
		40079BCA1863477B000BD10A /* XCTest.framework in Frameworks */ = {isa = PBXBuildFile; fileRef = 40079BC91863477B000BD10A /* XCTest.framework */; };
		40079BCB1863477B000BD10A /* Foundation.framework in Frameworks */ = {isa = PBXBuildFile; fileRef = 40079BAA1863477B000BD10A /* Foundation.framework */; };
		40079BCC1863477B000BD10A /* UIKit.framework in Frameworks */ = {isa = PBXBuildFile; fileRef = 40079BAE1863477B000BD10A /* UIKit.framework */; };
		40079BD41863477B000BD10A /* InfoPlist.strings in Resources */ = {isa = PBXBuildFile; fileRef = 40079BD21863477B000BD10A /* InfoPlist.strings */; };
		40079BD61863477B000BD10A /* ParkingRenterTests.m in Sources */ = {isa = PBXBuildFile; fileRef = 40079BD51863477B000BD10A /* ParkingRenterTests.m */; };
/* End PBXBuildFile section */

/* Begin PBXContainerItemProxy section */
		40079BCD1863477B000BD10A /* PBXContainerItemProxy */ = {
			isa = PBXContainerItemProxy;
			containerPortal = 40079B9F1863477B000BD10A /* Project object */;
			proxyType = 1;
			remoteGlobalIDString = 40079BA61863477B000BD10A;
			remoteInfo = ParkingRenter;
		};
/* End PBXContainerItemProxy section */

/* Begin PBXFileReference section */
		40079BA71863477B000BD10A /* ParkingRenter.app */ = {isa = PBXFileReference; explicitFileType = wrapper.application; includeInIndex = 0; path = ParkingRenter.app; sourceTree = BUILT_PRODUCTS_DIR; };
		40079BAA1863477B000BD10A /* Foundation.framework */ = {isa = PBXFileReference; lastKnownFileType = wrapper.framework; name = Foundation.framework; path = System/Library/Frameworks/Foundation.framework; sourceTree = SDKROOT; };
		40079BAC1863477B000BD10A /* CoreGraphics.framework */ = {isa = PBXFileReference; lastKnownFileType = wrapper.framework; name = CoreGraphics.framework; path = System/Library/Frameworks/CoreGraphics.framework; sourceTree = SDKROOT; };
		40079BAE1863477B000BD10A /* UIKit.framework */ = {isa = PBXFileReference; lastKnownFileType = wrapper.framework; name = UIKit.framework; path = System/Library/Frameworks/UIKit.framework; sourceTree = SDKROOT; };
		40079BB21863477B000BD10A /* ParkingRenter-Info.plist */ = {isa = PBXFileReference; lastKnownFileType = text.plist.xml; path = "ParkingRenter-Info.plist"; sourceTree = "<group>"; };
		40079BB41863477B000BD10A /* en */ = {isa = PBXFileReference; lastKnownFileType = text.plist.strings; name = en; path = en.lproj/InfoPlist.strings; sourceTree = "<group>"; };
		40079BB61863477B000BD10A /* main.m */ = {isa = PBXFileReference; lastKnownFileType = sourcecode.c.objc; path = main.m; sourceTree = "<group>"; };
		40079BB81863477B000BD10A /* ParkingRenter-Prefix.pch */ = {isa = PBXFileReference; lastKnownFileType = sourcecode.c.h; path = "ParkingRenter-Prefix.pch"; sourceTree = "<group>"; };
		40079BB91863477B000BD10A /* AppDelegate.h */ = {isa = PBXFileReference; lastKnownFileType = sourcecode.c.h; path = AppDelegate.h; sourceTree = "<group>"; };
		40079BBA1863477B000BD10A /* AppDelegate.m */ = {isa = PBXFileReference; lastKnownFileType = sourcecode.c.objc; path = AppDelegate.m; sourceTree = "<group>"; };
		40079BBD1863477B000BD10A /* Base */ = {isa = PBXFileReference; lastKnownFileType = file.storyboard; name = Base; path = Base.lproj/Main.storyboard; sourceTree = "<group>"; };
		40079BBF1863477B000BD10A /* ViewController.h */ = {isa = PBXFileReference; lastKnownFileType = sourcecode.c.h; path = ViewController.h; sourceTree = "<group>"; };
		40079BC01863477B000BD10A /* ViewController.m */ = {isa = PBXFileReference; lastKnownFileType = sourcecode.c.objc; path = ViewController.m; sourceTree = "<group>"; };
		40079BC21863477B000BD10A /* Images.xcassets */ = {isa = PBXFileReference; lastKnownFileType = folder.assetcatalog; path = Images.xcassets; sourceTree = "<group>"; };
		40079BC81863477B000BD10A /* ParkingRenterTests.xctest */ = {isa = PBXFileReference; explicitFileType = wrapper.cfbundle; includeInIndex = 0; path = ParkingRenterTests.xctest; sourceTree = BUILT_PRODUCTS_DIR; };
		40079BC91863477B000BD10A /* XCTest.framework */ = {isa = PBXFileReference; lastKnownFileType = wrapper.framework; name = XCTest.framework; path = Library/Frameworks/XCTest.framework; sourceTree = DEVELOPER_DIR; };
		40079BD11863477B000BD10A /* ParkingRenterTests-Info.plist */ = {isa = PBXFileReference; lastKnownFileType = text.plist.xml; path = "ParkingRenterTests-Info.plist"; sourceTree = "<group>"; };
		40079BD31863477B000BD10A /* en */ = {isa = PBXFileReference; lastKnownFileType = text.plist.strings; name = en; path = en.lproj/InfoPlist.strings; sourceTree = "<group>"; };
		40079BD51863477B000BD10A /* ParkingRenterTests.m */ = {isa = PBXFileReference; lastKnownFileType = sourcecode.c.objc; path = ParkingRenterTests.m; sourceTree = "<group>"; };
/* End PBXFileReference section */

/* Begin PBXFrameworksBuildPhase section */
		40079BA41863477B000BD10A /* Frameworks */ = {
			isa = PBXFrameworksBuildPhase;
			buildActionMask = 2147483647;
			files = (
				40079BAD1863477B000BD10A /* CoreGraphics.framework in Frameworks */,
				40079BAF1863477B000BD10A /* UIKit.framework in Frameworks */,
				40079BAB1863477B000BD10A /* Foundation.framework in Frameworks */,
			);
			runOnlyForDeploymentPostprocessing = 0;
		};
		40079BC51863477B000BD10A /* Frameworks */ = {
			isa = PBXFrameworksBuildPhase;
			buildActionMask = 2147483647;
			files = (
				40079BCA1863477B000BD10A /* XCTest.framework in Frameworks */,
				40079BCC1863477B000BD10A /* UIKit.framework in Frameworks */,
				40079BCB1863477B000BD10A /* Foundation.framework in Frameworks */,
			);
			runOnlyForDeploymentPostprocessing = 0;
		};
/* End PBXFrameworksBuildPhase section */

/* Begin PBXGroup section */
		40079B9E1863477B000BD10A = {
			isa = PBXGroup;
			children = (
				40079BB01863477B000BD10A /* ParkingRenter */,
				40079BCF1863477B000BD10A /* ParkingRenterTests */,
				40079BA91863477B000BD10A /* Frameworks */,
				40079BA81863477B000BD10A /* Products */,
			);
			sourceTree = "<group>";
		};
		40079BA81863477B000BD10A /* Products */ = {
			isa = PBXGroup;
			children = (
				40079BA71863477B000BD10A /* ParkingRenter.app */,
				40079BC81863477B000BD10A /* ParkingRenterTests.xctest */,
			);
			name = Products;
			sourceTree = "<group>";
		};
		40079BA91863477B000BD10A /* Frameworks */ = {
			isa = PBXGroup;
			children = (
				40079BAA1863477B000BD10A /* Foundation.framework */,
				40079BAC1863477B000BD10A /* CoreGraphics.framework */,
				40079BAE1863477B000BD10A /* UIKit.framework */,
				40079BC91863477B000BD10A /* XCTest.framework */,
			);
			name = Frameworks;
			sourceTree = "<group>";
		};
		40079BB01863477B000BD10A /* ParkingRenter */ = {
			isa = PBXGroup;
			children = (
				40079BB91863477B000BD10A /* AppDelegate.h */,
				40079BBA1863477B000BD10A /* AppDelegate.m */,
				40079BBC1863477B000BD10A /* Main.storyboard */,
				40079BBF1863477B000BD10A /* ViewController.h */,
				40079BC01863477B000BD10A /* ViewController.m */,
				40079BC21863477B000BD10A /* Images.xcassets */,
				40079BB11863477B000BD10A /* Supporting Files */,
			);
			path = ParkingRenter;
			sourceTree = "<group>";
		};
		40079BB11863477B000BD10A /* Supporting Files */ = {
			isa = PBXGroup;
			children = (
				40079BB21863477B000BD10A /* ParkingRenter-Info.plist */,
				40079BB31863477B000BD10A /* InfoPlist.strings */,
				40079BB61863477B000BD10A /* main.m */,
				40079BB81863477B000BD10A /* ParkingRenter-Prefix.pch */,
			);
			name = "Supporting Files";
			sourceTree = "<group>";
		};
		40079BCF1863477B000BD10A /* ParkingRenterTests */ = {
			isa = PBXGroup;
			children = (
				40079BD51863477B000BD10A /* ParkingRenterTests.m */,
				40079BD01863477B000BD10A /* Supporting Files */,
			);
			path = ParkingRenterTests;
			sourceTree = "<group>";
		};
		40079BD01863477B000BD10A /* Supporting Files */ = {
			isa = PBXGroup;
			children = (
				40079BD11863477B000BD10A /* ParkingRenterTests-Info.plist */,
				40079BD21863477B000BD10A /* InfoPlist.strings */,
			);
			name = "Supporting Files";
			sourceTree = "<group>";
		};
/* End PBXGroup section */

/* Begin PBXNativeTarget section */
		40079BA61863477B000BD10A /* ParkingRenter */ = {
			isa = PBXNativeTarget;
			buildConfigurationList = 40079BD91863477B000BD10A /* Build configuration list for PBXNativeTarget "ParkingRenter" */;
			buildPhases = (
				40079BA31863477B000BD10A /* Sources */,
				40079BA41863477B000BD10A /* Frameworks */,
				40079BA51863477B000BD10A /* Resources */,
			);
			buildRules = (
			);
			dependencies = (
			);
			name = ParkingRenter;
			productName = ParkingRenter;
			productReference = 40079BA71863477B000BD10A /* ParkingRenter.app */;
			productType = "com.apple.product-type.application";
		};
		40079BC71863477B000BD10A /* ParkingRenterTests */ = {
			isa = PBXNativeTarget;
			buildConfigurationList = 40079BDC1863477B000BD10A /* Build configuration list for PBXNativeTarget "ParkingRenterTests" */;
			buildPhases = (
				40079BC41863477B000BD10A /* Sources */,
				40079BC51863477B000BD10A /* Frameworks */,
				40079BC61863477B000BD10A /* Resources */,
			);
			buildRules = (
			);
			dependencies = (
				40079BCE1863477B000BD10A /* PBXTargetDependency */,
			);
			name = ParkingRenterTests;
			productName = ParkingRenterTests;
			productReference = 40079BC81863477B000BD10A /* ParkingRenterTests.xctest */;
			productType = "com.apple.product-type.bundle.unit-test";
		};
/* End PBXNativeTarget section */

/* Begin PBXProject section */
		40079B9F1863477B000BD10A /* Project object */ = {
			isa = PBXProject;
			attributes = {
				LastUpgradeCheck = 0500;
				ORGANIZATIONNAME = "Loic Sharma";
				TargetAttributes = {
					40079BC71863477B000BD10A = {
						TestTargetID = 40079BA61863477B000BD10A;
					};
				};
			};
			buildConfigurationList = 40079BA21863477B000BD10A /* Build configuration list for PBXProject "ParkingRenter" */;
			compatibilityVersion = "Xcode 3.2";
			developmentRegion = English;
			hasScannedForEncodings = 0;
			knownRegions = (
				en,
				Base,
			);
			mainGroup = 40079B9E1863477B000BD10A;
			productRefGroup = 40079BA81863477B000BD10A /* Products */;
			projectDirPath = "";
			projectRoot = "";
			targets = (
				40079BA61863477B000BD10A /* ParkingRenter */,
				40079BC71863477B000BD10A /* ParkingRenterTests */,
			);
		};
/* End PBXProject section */

/* Begin PBXResourcesBuildPhase section */
		40079BA51863477B000BD10A /* Resources */ = {
			isa = PBXResourcesBuildPhase;
			buildActionMask = 2147483647;
			files = (
				40079BC31863477B000BD10A /* Images.xcassets in Resources */,
				40079BB51863477B000BD10A /* InfoPlist.strings in Resources */,
				40079BBE1863477B000BD10A /* Main.storyboard in Resources */,
			);
			runOnlyForDeploymentPostprocessing = 0;
		};
		40079BC61863477B000BD10A /* Resources */ = {
			isa = PBXResourcesBuildPhase;
			buildActionMask = 2147483647;
			files = (
				40079BD41863477B000BD10A /* InfoPlist.strings in Resources */,
			);
			runOnlyForDeploymentPostprocessing = 0;
		};
/* End PBXResourcesBuildPhase section */

/* Begin PBXSourcesBuildPhase section */
		40079BA31863477B000BD10A /* Sources */ = {
			isa = PBXSourcesBuildPhase;
			buildActionMask = 2147483647;
			files = (
				40079BC11863477B000BD10A /* ViewController.m in Sources */,
				40079BBB1863477B000BD10A /* AppDelegate.m in Sources */,
				40079BB71863477B000BD10A /* main.m in Sources */,
			);
			runOnlyForDeploymentPostprocessing = 0;
		};
		40079BC41863477B000BD10A /* Sources */ = {
			isa = PBXSourcesBuildPhase;
			buildActionMask = 2147483647;
			files = (
				40079BD61863477B000BD10A /* ParkingRenterTests.m in Sources */,
			);
			runOnlyForDeploymentPostprocessing = 0;
		};
/* End PBXSourcesBuildPhase section */

/* Begin PBXTargetDependency section */
		40079BCE1863477B000BD10A /* PBXTargetDependency */ = {
			isa = PBXTargetDependency;
			target = 40079BA61863477B000BD10A /* ParkingRenter */;
			targetProxy = 40079BCD1863477B000BD10A /* PBXContainerItemProxy */;
		};
/* End PBXTargetDependency section */

/* Begin PBXVariantGroup section */
		40079BB31863477B000BD10A /* InfoPlist.strings */ = {
			isa = PBXVariantGroup;
			children = (
				40079BB41863477B000BD10A /* en */,
			);
			name = InfoPlist.strings;
			sourceTree = "<group>";
		};
		40079BBC1863477B000BD10A /* Main.storyboard */ = {
			isa = PBXVariantGroup;
			children = (
				40079BBD1863477B000BD10A /* Base */,
			);
			name = Main.storyboard;
			sourceTree = "<group>";
		};
		40079BD21863477B000BD10A /* InfoPlist.strings */ = {
			isa = PBXVariantGroup;
			children = (
				40079BD31863477B000BD10A /* en */,
			);
			name = InfoPlist.strings;
			sourceTree = "<group>";
		};
/* End PBXVariantGroup section */

/* Begin XCBuildConfiguration section */
		40079BD71863477B000BD10A /* Debug */ = {
			isa = XCBuildConfiguration;
			buildSettings = {
				ALWAYS_SEARCH_USER_PATHS = NO;
				ARCHS = "$(ARCHS_STANDARD_INCLUDING_64_BIT)";
				CLANG_CXX_LANGUAGE_STANDARD = "gnu++0x";
				CLANG_CXX_LIBRARY = "libc++";
				CLANG_ENABLE_MODULES = YES;
				CLANG_ENABLE_OBJC_ARC = YES;
				CLANG_WARN_BOOL_CONVERSION = YES;
				CLANG_WARN_CONSTANT_CONVERSION = YES;
				CLANG_WARN_DIRECT_OBJC_ISA_USAGE = YES_ERROR;
				CLANG_WARN_EMPTY_BODY = YES;
				CLANG_WARN_ENUM_CONVERSION = YES;
				CLANG_WARN_INT_CONVERSION = YES;
				CLANG_WARN_OBJC_ROOT_CLASS = YES_ERROR;
				CLANG_WARN__DUPLICATE_METHOD_MATCH = YES;
				"CODE_SIGN_IDENTITY[sdk=iphoneos*]" = "iPhone Developer";
				COPY_PHASE_STRIP = NO;
				GCC_C_LANGUAGE_STANDARD = gnu99;
				GCC_DYNAMIC_NO_PIC = NO;
				GCC_OPTIMIZATION_LEVEL = 0;
				GCC_PREPROCESSOR_DEFINITIONS = (
					"DEBUG=1",
					"$(inherited)",
				);
				GCC_SYMBOLS_PRIVATE_EXTERN = NO;
				GCC_WARN_64_TO_32_BIT_CONVERSION = YES;
				GCC_WARN_ABOUT_RETURN_TYPE = YES_ERROR;
				GCC_WARN_UNDECLARED_SELECTOR = YES;
				GCC_WARN_UNINITIALIZED_AUTOS = YES;
				GCC_WARN_UNUSED_FUNCTION = YES;
				GCC_WARN_UNUSED_VARIABLE = YES;
				IPHONEOS_DEPLOYMENT_TARGET = 7.0;
				ONLY_ACTIVE_ARCH = YES;
				SDKROOT = iphoneos;
			};
			name = Debug;
		};
		40079BD81863477B000BD10A /* Release */ = {
			isa = XCBuildConfiguration;
			buildSettings = {
				ALWAYS_SEARCH_USER_PATHS = NO;
				ARCHS = "$(ARCHS_STANDARD_INCLUDING_64_BIT)";
				CLANG_CXX_LANGUAGE_STANDARD = "gnu++0x";
				CLANG_CXX_LIBRARY = "libc++";
				CLANG_ENABLE_MODULES = YES;
				CLANG_ENABLE_OBJC_ARC = YES;
				CLANG_WARN_BOOL_CONVERSION = YES;
				CLANG_WARN_CONSTANT_CONVERSION = YES;
				CLANG_WARN_DIRECT_OBJC_ISA_USAGE = YES_ERROR;
				CLANG_WARN_EMPTY_BODY = YES;
				CLANG_WARN_ENUM_CONVERSION = YES;
				CLANG_WARN_INT_CONVERSION = YES;
				CLANG_WARN_OBJC_ROOT_CLASS = YES_ERROR;
				CLANG_WARN__DUPLICATE_METHOD_MATCH = YES;
				"CODE_SIGN_IDENTITY[sdk=iphoneos*]" = "iPhone Developer";
				COPY_PHASE_STRIP = YES;
				ENABLE_NS_ASSERTIONS = NO;
				GCC_C_LANGUAGE_STANDARD = gnu99;
				GCC_WARN_64_TO_32_BIT_CONVERSION = YES;
				GCC_WARN_ABOUT_RETURN_TYPE = YES_ERROR;
				GCC_WARN_UNDECLARED_SELECTOR = YES;
				GCC_WARN_UNINITIALIZED_AUTOS = YES;
				GCC_WARN_UNUSED_FUNCTION = YES;
				GCC_WARN_UNUSED_VARIABLE = YES;
				IPHONEOS_DEPLOYMENT_TARGET = 7.0;
				SDKROOT = iphoneos;
				VALIDATE_PRODUCT = YES;
			};
			name = Release;
		};
		40079BDA1863477B000BD10A /* Debug */ = {
			isa = XCBuildConfiguration;
			buildSettings = {
				ASSETCATALOG_COMPILER_APPICON_NAME = AppIcon;
				ASSETCATALOG_COMPILER_LAUNCHIMAGE_NAME = LaunchImage;
				GCC_PRECOMPILE_PREFIX_HEADER = YES;
				GCC_PREFIX_HEADER = "ParkingRenter/ParkingRenter-Prefix.pch";
				INFOPLIST_FILE = "ParkingRenter/ParkingRenter-Info.plist";
				PRODUCT_NAME = "$(TARGET_NAME)";
				WRAPPER_EXTENSION = app;
			};
			name = Debug;
		};
		40079BDB1863477B000BD10A /* Release */ = {
			isa = XCBuildConfiguration;
			buildSettings = {
				ASSETCATALOG_COMPILER_APPICON_NAME = AppIcon;
				ASSETCATALOG_COMPILER_LAUNCHIMAGE_NAME = LaunchImage;
				GCC_PRECOMPILE_PREFIX_HEADER = YES;
				GCC_PREFIX_HEADER = "ParkingRenter/ParkingRenter-Prefix.pch";
				INFOPLIST_FILE = "ParkingRenter/ParkingRenter-Info.plist";
				PRODUCT_NAME = "$(TARGET_NAME)";
				WRAPPER_EXTENSION = app;
			};
			name = Release;
		};
		40079BDD1863477B000BD10A /* Debug */ = {
			isa = XCBuildConfiguration;
			buildSettings = {
				ARCHS = "$(ARCHS_STANDARD_INCLUDING_64_BIT)";
				BUNDLE_LOADER = "$(BUILT_PRODUCTS_DIR)/ParkingRenter.app/ParkingRenter";
				FRAMEWORK_SEARCH_PATHS = (
					"$(SDKROOT)/Developer/Library/Frameworks",
					"$(inherited)",
					"$(DEVELOPER_FRAMEWORKS_DIR)",
				);
				GCC_PRECOMPILE_PREFIX_HEADER = YES;
				GCC_PREFIX_HEADER = "ParkingRenter/ParkingRenter-Prefix.pch";
				GCC_PREPROCESSOR_DEFINITIONS = (
					"DEBUG=1",
					"$(inherited)",
				);
				INFOPLIST_FILE = "ParkingRenterTests/ParkingRenterTests-Info.plist";
				PRODUCT_NAME = "$(TARGET_NAME)";
				TEST_HOST = "$(BUNDLE_LOADER)";
				WRAPPER_EXTENSION = xctest;
			};
			name = Debug;
		};
		40079BDE1863477B000BD10A /* Release */ = {
			isa = XCBuildConfiguration;
			buildSettings = {
				ARCHS = "$(ARCHS_STANDARD_INCLUDING_64_BIT)";
				BUNDLE_LOADER = "$(BUILT_PRODUCTS_DIR)/ParkingRenter.app/ParkingRenter";
				FRAMEWORK_SEARCH_PATHS = (
					"$(SDKROOT)/Developer/Library/Frameworks",
					"$(inherited)",
					"$(DEVELOPER_FRAMEWORKS_DIR)",
				);
				GCC_PRECOMPILE_PREFIX_HEADER = YES;
				GCC_PREFIX_HEADER = "ParkingRenter/ParkingRenter-Prefix.pch";
				INFOPLIST_FILE = "ParkingRenterTests/ParkingRenterTests-Info.plist";
				PRODUCT_NAME = "$(TARGET_NAME)";
				TEST_HOST = "$(BUNDLE_LOADER)";
				WRAPPER_EXTENSION = xctest;
			};
			name = Release;
		};
/* End XCBuildConfiguration section */

/* Begin XCConfigurationList section */
		40079BA21863477B000BD10A /* Build configuration list for PBXProject "ParkingRenter" */ = {
			isa = XCConfigurationList;
			buildConfigurations = (
				40079BD71863477B000BD10A /* Debug */,
				40079BD81863477B000BD10A /* Release */,
			);
			defaultConfigurationIsVisible = 0;
			defaultConfigurationName = Release;
		};
		40079BD91863477B000BD10A /* Build configuration list for PBXNativeTarget "ParkingRenter" */ = {
			isa = XCConfigurationList;
			buildConfigurations = (
				40079BDA1863477B000BD10A /* Debug */,
				40079BDB1863477B000BD10A /* Release */,
			);
			defaultConfigurationIsVisible = 0;
		};
		40079BDC1863477B000BD10A /* Build configuration list for PBXNativeTarget "ParkingRenterTests" */ = {
			isa = XCConfigurationList;
			buildConfigurations = (
				40079BDD1863477B000BD10A /* Debug */,
				40079BDE1863477B000BD10A /* Release */,
			);
			defaultConfigurationIsVisible = 0;
		};
/* End XCConfigurationList section */
	};
	rootObject = 40079B9F1863477B000BD10A /* Project object */;
}
