// !$*UTF8*$!
{
	archiveVersion = 1;
	classes = {
	};
	objectVersion = 46;
	objects = {

/* Begin PBXBuildFile section */
		19A2CFC5E1074B68B5F556F0 /* libPods-ParkingRenter.a in Frameworks */ = {isa = PBXBuildFile; fileRef = 4DDB0D8FA5DC43288241194C /* libPods-ParkingRenter.a */; };
		40079BAB1863477B000BD10A /* Foundation.framework in Frameworks */ = {isa = PBXBuildFile; fileRef = 40079BAA1863477B000BD10A /* Foundation.framework */; };
		40079BAD1863477B000BD10A /* CoreGraphics.framework in Frameworks */ = {isa = PBXBuildFile; fileRef = 40079BAC1863477B000BD10A /* CoreGraphics.framework */; };
		40079BAF1863477B000BD10A /* UIKit.framework in Frameworks */ = {isa = PBXBuildFile; fileRef = 40079BAE1863477B000BD10A /* UIKit.framework */; };
		40079BCA1863477B000BD10A /* XCTest.framework in Frameworks */ = {isa = PBXBuildFile; fileRef = 40079BC91863477B000BD10A /* XCTest.framework */; };
		40079BCB1863477B000BD10A /* Foundation.framework in Frameworks */ = {isa = PBXBuildFile; fileRef = 40079BAA1863477B000BD10A /* Foundation.framework */; };
		40079BCC1863477B000BD10A /* UIKit.framework in Frameworks */ = {isa = PBXBuildFile; fileRef = 40079BAE1863477B000BD10A /* UIKit.framework */; };
		40079BD41863477B000BD10A /* InfoPlist.strings in Resources */ = {isa = PBXBuildFile; fileRef = 40079BD21863477B000BD10A /* InfoPlist.strings */; };
		40079BD61863477B000BD10A /* ParkingRenterTests.m in Sources */ = {isa = PBXBuildFile; fileRef = 40079BD51863477B000BD10A /* ParkingRenterTests.m */; };
		40269C2B1863689F00C91BE9 /* main.m in Sources */ = {isa = PBXBuildFile; fileRef = 40269C291863689F00C91BE9 /* main.m */; };
		40269C2E186368AC00C91BE9 /* AppDelegate.m in Sources */ = {isa = PBXBuildFile; fileRef = 40269C2D186368AC00C91BE9 /* AppDelegate.m */; };
		40269C31186368E100C91BE9 /* ViewController.m in Sources */ = {isa = PBXBuildFile; fileRef = 40269C30186368E100C91BE9 /* ViewController.m */; };
		40269C33186368F600C91BE9 /* Images.xcassets in Resources */ = {isa = PBXBuildFile; fileRef = 40269C32186368F600C91BE9 /* Images.xcassets */; };
		40269C35186368FF00C91BE9 /* Main.storyboard in Resources */ = {isa = PBXBuildFile; fileRef = 40269C34186368FF00C91BE9 /* Main.storyboard */; };
		40269C3B1863692500C91BE9 /* InfoPlist.strings in Resources */ = {isa = PBXBuildFile; fileRef = 40269C391863692500C91BE9 /* InfoPlist.strings */; };
		40269C3E18636ECD00C91BE9 /* SpotsViewController.m in Sources */ = {isa = PBXBuildFile; fileRef = 40269C3D18636ECD00C91BE9 /* SpotsViewController.m */; };
		40269C421863769C00C91BE9 /* SpotsViewControllerModel.m in Sources */ = {isa = PBXBuildFile; fileRef = 40269C411863769C00C91BE9 /* SpotsViewControllerModel.m */; };
		405136D518637F60006F41C8 /* SpotModel.m in Sources */ = {isa = PBXBuildFile; fileRef = 405136D418637F60006F41C8 /* SpotModel.m */; };
		405136D81863805E006F41C8 /* UserModel.m in Sources */ = {isa = PBXBuildFile; fileRef = 405136D71863805E006F41C8 /* UserModel.m */; };
		405136DD18638ADB006F41C8 /* SpotViewController.m in Sources */ = {isa = PBXBuildFile; fileRef = 405136DC18638ADB006F41C8 /* SpotViewController.m */; };
/* End PBXBuildFile section */

/* Begin PBXContainerItemProxy section */
		40079BCD1863477B000BD10A /* PBXContainerItemProxy */ = {
			isa = PBXContainerItemProxy;
			containerPortal = 40079B9F1863477B000BD10A /* Project object */;
			proxyType = 1;
			remoteGlobalIDString = 40079BA61863477B000BD10A;
			remoteInfo = ParkingRenter;
		};
/* End PBXContainerItemProxy section */

/* Begin PBXFileReference section */
		40079BA71863477B000BD10A /* ParkingRenter.app */ = {isa = PBXFileReference; explicitFileType = wrapper.application; includeInIndex = 0; path = ParkingRenter.app; sourceTree = BUILT_PRODUCTS_DIR; };
		40079BAA1863477B000BD10A /* Foundation.framework */ = {isa = PBXFileReference; lastKnownFileType = wrapper.framework; name = Foundation.framework; path = System/Library/Frameworks/Foundation.framework; sourceTree = SDKROOT; };
		40079BAC1863477B000BD10A /* CoreGraphics.framework */ = {isa = PBXFileReference; lastKnownFileType = wrapper.framework; name = CoreGraphics.framework; path = System/Library/Frameworks/CoreGraphics.framework; sourceTree = SDKROOT; };
		40079BAE1863477B000BD10A /* UIKit.framework */ = {isa = PBXFileReference; lastKnownFileType = wrapper.framework; name = UIKit.framework; path = System/Library/Frameworks/UIKit.framework; sourceTree = SDKROOT; };
		40079BC81863477B000BD10A /* ParkingRenterTests.xctest */ = {isa = PBXFileReference; explicitFileType = wrapper.cfbundle; includeInIndex = 0; path = ParkingRenterTests.xctest; sourceTree = BUILT_PRODUCTS_DIR; };
		40079BC91863477B000BD10A /* XCTest.framework */ = {isa = PBXFileReference; lastKnownFileType = wrapper.framework; name = XCTest.framework; path = Library/Frameworks/XCTest.framework; sourceTree = DEVELOPER_DIR; };
		40079BD11863477B000BD10A /* ParkingRenterTests-Info.plist */ = {isa = PBXFileReference; lastKnownFileType = text.plist.xml; path = "ParkingRenterTests-Info.plist"; sourceTree = "<group>"; };
		40079BD31863477B000BD10A /* en */ = {isa = PBXFileReference; lastKnownFileType = text.plist.strings; name = en; path = en.lproj/InfoPlist.strings; sourceTree = "<group>"; };
		40079BD51863477B000BD10A /* ParkingRenterTests.m */ = {isa = PBXFileReference; lastKnownFileType = sourcecode.c.objc; path = ParkingRenterTests.m; sourceTree = "<group>"; };
		40269C291863689F00C91BE9 /* main.m */ = {isa = PBXFileReference; fileEncoding = 4; lastKnownFileType = sourcecode.c.objc; path = main.m; sourceTree = "<group>"; };
		40269C2A1863689F00C91BE9 /* ParkingRenter-Prefix.pch */ = {isa = PBXFileReference; fileEncoding = 4; lastKnownFileType = sourcecode.c.h; path = "ParkingRenter-Prefix.pch"; sourceTree = "<group>"; };
		40269C2C186368AC00C91BE9 /* AppDelegate.h */ = {isa = PBXFileReference; fileEncoding = 4; lastKnownFileType = sourcecode.c.h; name = AppDelegate.h; path = "App Delegate/AppDelegate.h"; sourceTree = "<group>"; };
		40269C2D186368AC00C91BE9 /* AppDelegate.m */ = {isa = PBXFileReference; fileEncoding = 4; lastKnownFileType = sourcecode.c.objc; name = AppDelegate.m; path = "App Delegate/AppDelegate.m"; sourceTree = "<group>"; };
		40269C2F186368E100C91BE9 /* ViewController.h */ = {isa = PBXFileReference; fileEncoding = 4; lastKnownFileType = sourcecode.c.h; path = ViewController.h; sourceTree = "<group>"; };
		40269C30186368E100C91BE9 /* ViewController.m */ = {isa = PBXFileReference; fileEncoding = 4; lastKnownFileType = sourcecode.c.objc; path = ViewController.m; sourceTree = "<group>"; };
		40269C32186368F600C91BE9 /* Images.xcassets */ = {isa = PBXFileReference; lastKnownFileType = folder.assetcatalog; path = Images.xcassets; sourceTree = "<group>"; };
		40269C34186368FF00C91BE9 /* Main.storyboard */ = {isa = PBXFileReference; fileEncoding = 4; lastKnownFileType = file.storyboard; path = Main.storyboard; sourceTree = "<group>"; };
		40269C361863691600C91BE9 /* ParkingRenter-Info.plist */ = {isa = PBXFileReference; fileEncoding = 4; lastKnownFileType = text.plist.xml; path = "ParkingRenter-Info.plist"; sourceTree = "<group>"; };
		40269C3A1863692500C91BE9 /* en */ = {isa = PBXFileReference; lastKnownFileType = text.plist.strings; name = en; path = InfoPlist.strings; sourceTree = "<group>"; };
		40269C3C18636ECD00C91BE9 /* SpotsViewController.h */ = {isa = PBXFileReference; fileEncoding = 4; lastKnownFileType = sourcecode.c.h; path = SpotsViewController.h; sourceTree = "<group>"; };
		40269C3D18636ECD00C91BE9 /* SpotsViewController.m */ = {isa = PBXFileReference; fileEncoding = 4; lastKnownFileType = sourcecode.c.objc; path = SpotsViewController.m; sourceTree = "<group>"; };
		40269C401863769C00C91BE9 /* SpotsViewControllerModel.h */ = {isa = PBXFileReference; fileEncoding = 4; lastKnownFileType = sourcecode.c.h; path = SpotsViewControllerModel.h; sourceTree = "<group>"; };
		40269C411863769C00C91BE9 /* SpotsViewControllerModel.m */ = {isa = PBXFileReference; fileEncoding = 4; lastKnownFileType = sourcecode.c.objc; path = SpotsViewControllerModel.m; sourceTree = "<group>"; };
		405136D318637F60006F41C8 /* SpotModel.h */ = {isa = PBXFileReference; fileEncoding = 4; lastKnownFileType = sourcecode.c.h; path = SpotModel.h; sourceTree = "<group>"; };
		405136D418637F60006F41C8 /* SpotModel.m */ = {isa = PBXFileReference; fileEncoding = 4; lastKnownFileType = sourcecode.c.objc; path = SpotModel.m; sourceTree = "<group>"; };
		405136D61863805E006F41C8 /* UserModel.h */ = {isa = PBXFileReference; fileEncoding = 4; lastKnownFileType = sourcecode.c.h; path = UserModel.h; sourceTree = "<group>"; };
		405136D71863805E006F41C8 /* UserModel.m */ = {isa = PBXFileReference; fileEncoding = 4; lastKnownFileType = sourcecode.c.objc; path = UserModel.m; sourceTree = "<group>"; };
		405136DA18638A6A006F41C8 /* SegueIdentifiers.h */ = {isa = PBXFileReference; fileEncoding = 4; lastKnownFileType = sourcecode.c.h; path = SegueIdentifiers.h; sourceTree = "<group>"; };
		405136DB18638ADB006F41C8 /* SpotViewController.h */ = {isa = PBXFileReference; fileEncoding = 4; lastKnownFileType = sourcecode.c.h; path = SpotViewController.h; sourceTree = "<group>"; };
		405136DC18638ADB006F41C8 /* SpotViewController.m */ = {isa = PBXFileReference; fileEncoding = 4; lastKnownFileType = sourcecode.c.objc; path = SpotViewController.m; sourceTree = "<group>"; };
		4DDB0D8FA5DC43288241194C /* libPods-ParkingRenter.a */ = {isa = PBXFileReference; explicitFileType = archive.ar; includeInIndex = 0; path = "libPods-ParkingRenter.a"; sourceTree = BUILT_PRODUCTS_DIR; };
		A9DA28C7C59E42EEA3C80988 /* Pods-ParkingRenter.xcconfig */ = {isa = PBXFileReference; includeInIndex = 1; lastKnownFileType = text.xcconfig; name = "Pods-ParkingRenter.xcconfig"; path = "Pods/Pods-ParkingRenter.xcconfig"; sourceTree = "<group>"; };
/* End PBXFileReference section */

/* Begin PBXFrameworksBuildPhase section */
		40079BA41863477B000BD10A /* Frameworks */ = {
			isa = PBXFrameworksBuildPhase;
			buildActionMask = 2147483647;
			files = (
				40079BAD1863477B000BD10A /* CoreGraphics.framework in Frameworks */,
				40079BAF1863477B000BD10A /* UIKit.framework in Frameworks */,
				40079BAB1863477B000BD10A /* Foundation.framework in Frameworks */,
				19A2CFC5E1074B68B5F556F0 /* libPods-ParkingRenter.a in Frameworks */,
			);
			runOnlyForDeploymentPostprocessing = 0;
		};
		40079BC51863477B000BD10A /* Frameworks */ = {
			isa = PBXFrameworksBuildPhase;
			buildActionMask = 2147483647;
			files = (
				40079BCA1863477B000BD10A /* XCTest.framework in Frameworks */,
				40079BCC1863477B000BD10A /* UIKit.framework in Frameworks */,
				40079BCB1863477B000BD10A /* Foundation.framework in Frameworks */,
			);
			runOnlyForDeploymentPostprocessing = 0;
		};
/* End PBXFrameworksBuildPhase section */

/* Begin PBXGroup section */
		40079B9E1863477B000BD10A = {
			isa = PBXGroup;
			children = (
				40079BB01863477B000BD10A /* ParkingRenter */,
				40079BCF1863477B000BD10A /* ParkingRenterTests */,
				40079BA91863477B000BD10A /* Frameworks */,
				40079BA81863477B000BD10A /* Products */,
				A9DA28C7C59E42EEA3C80988 /* Pods-ParkingRenter.xcconfig */,
			);
			sourceTree = "<group>";
		};
		40079BA81863477B000BD10A /* Products */ = {
			isa = PBXGroup;
			children = (
				40079BA71863477B000BD10A /* ParkingRenter.app */,
				40079BC81863477B000BD10A /* ParkingRenterTests.xctest */,
			);
			name = Products;
			sourceTree = "<group>";
		};
		40079BA91863477B000BD10A /* Frameworks */ = {
			isa = PBXGroup;
			children = (
				40079BAA1863477B000BD10A /* Foundation.framework */,
				40079BAC1863477B000BD10A /* CoreGraphics.framework */,
				40079BAE1863477B000BD10A /* UIKit.framework */,
				40079BC91863477B000BD10A /* XCTest.framework */,
				4DDB0D8FA5DC43288241194C /* libPods-ParkingRenter.a */,
			);
			name = Frameworks;
			sourceTree = "<group>";
		};
		40079BB01863477B000BD10A /* ParkingRenter */ = {
			isa = PBXGroup;
			children = (
				40269C0E186366EF00C91BE9 /* Resources */,
				40269C0D186366EA00C91BE9 /* Source */,
			);
			path = ParkingRenter;
			sourceTree = "<group>";
		};
		40079BCF1863477B000BD10A /* ParkingRenterTests */ = {
			isa = PBXGroup;
			children = (
				40079BD51863477B000BD10A /* ParkingRenterTests.m */,
				40079BD01863477B000BD10A /* Supporting Files */,
			);
			path = ParkingRenterTests;
			sourceTree = "<group>";
		};
		40079BD01863477B000BD10A /* Supporting Files */ = {
			isa = PBXGroup;
			children = (
				40079BD11863477B000BD10A /* ParkingRenterTests-Info.plist */,
				40079BD21863477B000BD10A /* InfoPlist.strings */,
			);
			name = "Supporting Files";
			sourceTree = "<group>";
		};
		40269C0D186366EA00C91BE9 /* Source */ = {
			isa = PBXGroup;
			children = (
				40269C0F186366F900C91BE9 /* Misc */,
				405136D218637F2B006F41C8 /* Model */,
				40269C101863670100C91BE9 /* View Model */,
				40269C111863670800C91BE9 /* View */,
			);
			path = Source;
			sourceTree = "<group>";
		};
		40269C0E186366EF00C91BE9 /* Resources */ = {
			isa = PBXGroup;
			children = (
				40269C1C186367C000C91BE9 /* Images */,
				40269C1D186367C600C91BE9 /* Interfaces */,
				40269C1E186367CD00C91BE9 /* Misc */,
			);
			path = Resources;
			sourceTree = "<group>";
		};
		40269C0F186366F900C91BE9 /* Misc */ = {
			isa = PBXGroup;
			children = (
				40269C121863672300C91BE9 /* App Delegate */,
				40269C291863689F00C91BE9 /* main.m */,
				40269C2A1863689F00C91BE9 /* ParkingRenter-Prefix.pch */,
				405136DA18638A6A006F41C8 /* SegueIdentifiers.h */,
			);
			path = Misc;
			sourceTree = "<group>";
		};
		40269C101863670100C91BE9 /* View Model */ = {
			isa = PBXGroup;
			children = (
				40269C401863769C00C91BE9 /* SpotsViewControllerModel.h */,
				40269C411863769C00C91BE9 /* SpotsViewControllerModel.m */,
			);
			path = "View Model";
			sourceTree = "<group>";
		};
		40269C111863670800C91BE9 /* View */ = {
			isa = PBXGroup;
			children = (
				40269C2F186368E100C91BE9 /* ViewController.h */,
				40269C30186368E100C91BE9 /* ViewController.m */,
				40269C3C18636ECD00C91BE9 /* SpotsViewController.h */,
				40269C3D18636ECD00C91BE9 /* SpotsViewController.m */,
				405136DB18638ADB006F41C8 /* SpotViewController.h */,
				405136DC18638ADB006F41C8 /* SpotViewController.m */,
			);
			path = View;
			sourceTree = "<group>";
		};
		40269C121863672300C91BE9 /* App Delegate */ = {
			isa = PBXGroup;
			children = (
				40269C2C186368AC00C91BE9 /* AppDelegate.h */,
				40269C2D186368AC00C91BE9 /* AppDelegate.m */,
			);
			name = "App Delegate";
			sourceTree = "<group>";
		};
		40269C1C186367C000C91BE9 /* Images */ = {
			isa = PBXGroup;
			children = (
				40269C32186368F600C91BE9 /* Images.xcassets */,
			);
			path = Images;
			sourceTree = "<group>";
		};
		40269C1D186367C600C91BE9 /* Interfaces */ = {
			isa = PBXGroup;
			children = (
				40269C34186368FF00C91BE9 /* Main.storyboard */,
			);
			path = Interfaces;
			sourceTree = "<group>";
		};
		40269C1E186367CD00C91BE9 /* Misc */ = {
			isa = PBXGroup;
			children = (
				40269C381863692500C91BE9 /* en.lproj */,
				40269C361863691600C91BE9 /* ParkingRenter-Info.plist */,
			);
			path = Misc;
			sourceTree = "<group>";
		};
		40269C381863692500C91BE9 /* en.lproj */ = {
			isa = PBXGroup;
			children = (
				40269C391863692500C91BE9 /* InfoPlist.strings */,
			);
			path = en.lproj;
			sourceTree = "<group>";
		};
		405136D218637F2B006F41C8 /* Model */ = {
			isa = PBXGroup;
			children = (
				405136D318637F60006F41C8 /* SpotModel.h */,
				405136D418637F60006F41C8 /* SpotModel.m */,
				405136D61863805E006F41C8 /* UserModel.h */,
				405136D71863805E006F41C8 /* UserModel.m */,
			);
			path = Model;
			sourceTree = "<group>";
		};
/* End PBXGroup section */

/* Begin PBXNativeTarget section */
		40079BA61863477B000BD10A /* ParkingRenter */ = {
			isa = PBXNativeTarget;
			buildConfigurationList = 40079BD91863477B000BD10A /* Build configuration list for PBXNativeTarget "ParkingRenter" */;
			buildPhases = (
				F513EC89949A47F69B7CE295 /* Check Pods Manifest.lock */,
				40079BA31863477B000BD10A /* Sources */,
				40079BA41863477B000BD10A /* Frameworks */,
				40079BA51863477B000BD10A /* Resources */,
				E24CEEC878574B43BDEB32D4 /* Copy Pods Resources */,
			);
			buildRules = (
			);
			dependencies = (
			);
			name = ParkingRenter;
			productName = ParkingRenter;
			productReference = 40079BA71863477B000BD10A /* ParkingRenter.app */;
			productType = "com.apple.product-type.application";
		};
		40079BC71863477B000BD10A /* ParkingRenterTests */ = {
			isa = PBXNativeTarget;
			buildConfigurationList = 40079BDC1863477B000BD10A /* Build configuration list for PBXNativeTarget "ParkingRenterTests" */;
			buildPhases = (
				40079BC41863477B000BD10A /* Sources */,
				40079BC51863477B000BD10A /* Frameworks */,
				40079BC61863477B000BD10A /* Resources */,
			);
			buildRules = (
			);
			dependencies = (
				40079BCE1863477B000BD10A /* PBXTargetDependency */,
			);
			name = ParkingRenterTests;
			productName = ParkingRenterTests;
			productReference = 40079BC81863477B000BD10A /* ParkingRenterTests.xctest */;
			productType = "com.apple.product-type.bundle.unit-test";
		};
/* End PBXNativeTarget section */

/* Begin PBXProject section */
		40079B9F1863477B000BD10A /* Project object */ = {
			isa = PBXProject;
			attributes = {
				LastUpgradeCheck = 0500;
				ORGANIZATIONNAME = "Loic Sharma";
				TargetAttributes = {
					40079BC71863477B000BD10A = {
						TestTargetID = 40079BA61863477B000BD10A;
					};
				};
			};
			buildConfigurationList = 40079BA21863477B000BD10A /* Build configuration list for PBXProject "ParkingRenter" */;
			compatibilityVersion = "Xcode 3.2";
			developmentRegion = English;
			hasScannedForEncodings = 0;
			knownRegions = (
				en,
				Base,
			);
			mainGroup = 40079B9E1863477B000BD10A;
			productRefGroup = 40079BA81863477B000BD10A /* Products */;
			projectDirPath = "";
			projectRoot = "";
			targets = (
				40079BA61863477B000BD10A /* ParkingRenter */,
				40079BC71863477B000BD10A /* ParkingRenterTests */,
			);
		};
/* End PBXProject section */

/* Begin PBXResourcesBuildPhase section */
		40079BA51863477B000BD10A /* Resources */ = {
			isa = PBXResourcesBuildPhase;
			buildActionMask = 2147483647;
			files = (
				40269C3B1863692500C91BE9 /* InfoPlist.strings in Resources */,
				40269C35186368FF00C91BE9 /* Main.storyboard in Resources */,
				40269C33186368F600C91BE9 /* Images.xcassets in Resources */,
			);
			runOnlyForDeploymentPostprocessing = 0;
		};
		40079BC61863477B000BD10A /* Resources */ = {
			isa = PBXResourcesBuildPhase;
			buildActionMask = 2147483647;
			files = (
				40079BD41863477B000BD10A /* InfoPlist.strings in Resources */,
			);
			runOnlyForDeploymentPostprocessing = 0;
		};
/* End PBXResourcesBuildPhase section */

/* Begin PBXShellScriptBuildPhase section */
		E24CEEC878574B43BDEB32D4 /* Copy Pods Resources */ = {
			isa = PBXShellScriptBuildPhase;
			buildActionMask = 2147483647;
			files = (
			);
			inputPaths = (
			);
			name = "Copy Pods Resources";
			outputPaths = (
			);
			runOnlyForDeploymentPostprocessing = 0;
			shellPath = /bin/sh;
			shellScript = "\"${SRCROOT}/Pods/Pods-ParkingRenter-resources.sh\"\n";
			showEnvVarsInLog = 0;
		};
		F513EC89949A47F69B7CE295 /* Check Pods Manifest.lock */ = {
			isa = PBXShellScriptBuildPhase;
			buildActionMask = 2147483647;
			files = (
			);
			inputPaths = (
			);
			name = "Check Pods Manifest.lock";
			outputPaths = (
			);
			runOnlyForDeploymentPostprocessing = 0;
			shellPath = /bin/sh;
			shellScript = "diff \"${PODS_ROOT}/../Podfile.lock\" \"${PODS_ROOT}/Manifest.lock\" > /dev/null\nif [[ $? != 0 ]] ; then\n    cat << EOM\nerror: The sandbox is not in sync with the Podfile.lock. Run 'pod install' or update your CocoaPods installation.\nEOM\n    exit 1\nfi\n";
			showEnvVarsInLog = 0;
		};
/* End PBXShellScriptBuildPhase section */

/* Begin PBXSourcesBuildPhase section */
		40079BA31863477B000BD10A /* Sources */ = {
			isa = PBXSourcesBuildPhase;
			buildActionMask = 2147483647;
			files = (
				40269C3E18636ECD00C91BE9 /* SpotsViewController.m in Sources */,
				40269C31186368E100C91BE9 /* ViewController.m in Sources */,
				405136D81863805E006F41C8 /* UserModel.m in Sources */,
				40269C2B1863689F00C91BE9 /* main.m in Sources */,
				405136DD18638ADB006F41C8 /* SpotViewController.m in Sources */,
				40269C2E186368AC00C91BE9 /* AppDelegate.m in Sources */,
				40269C421863769C00C91BE9 /* SpotsViewControllerModel.m in Sources */,
				405136D518637F60006F41C8 /* SpotModel.m in Sources */,
			);
			runOnlyForDeploymentPostprocessing = 0;
		};
		40079BC41863477B000BD10A /* Sources */ = {
			isa = PBXSourcesBuildPhase;
			buildActionMask = 2147483647;
			files = (
				40079BD61863477B000BD10A /* ParkingRenterTests.m in Sources */,
			);
			runOnlyForDeploymentPostprocessing = 0;
		};
/* End PBXSourcesBuildPhase section */

/* Begin PBXTargetDependency section */
		40079BCE1863477B000BD10A /* PBXTargetDependency */ = {
			isa = PBXTargetDependency;
			target = 40079BA61863477B000BD10A /* ParkingRenter */;
			targetProxy = 40079BCD1863477B000BD10A /* PBXContainerItemProxy */;
		};
/* End PBXTargetDependency section */

/* Begin PBXVariantGroup section */
		40079BD21863477B000BD10A /* InfoPlist.strings */ = {
			isa = PBXVariantGroup;
			children = (
				40079BD31863477B000BD10A /* en */,
			);
			name = InfoPlist.strings;
			sourceTree = "<group>";
		};
		40269C391863692500C91BE9 /* InfoPlist.strings */ = {
			isa = PBXVariantGroup;
			children = (
				40269C3A1863692500C91BE9 /* en */,
			);
			name = InfoPlist.strings;
			sourceTree = "<group>";
		};
/* End PBXVariantGroup section */

/* Begin XCBuildConfiguration section */
		40079BD71863477B000BD10A /* Debug */ = {
			isa = XCBuildConfiguration;
			buildSettings = {
				ALWAYS_SEARCH_USER_PATHS = NO;
				ARCHS = "$(ARCHS_STANDARD_INCLUDING_64_BIT)";
				CLANG_CXX_LANGUAGE_STANDARD = "gnu++0x";
				CLANG_CXX_LIBRARY = "libc++";
				CLANG_ENABLE_MODULES = YES;
				CLANG_ENABLE_OBJC_ARC = YES;
				CLANG_WARN_BOOL_CONVERSION = YES;
				CLANG_WARN_CONSTANT_CONVERSION = YES;
				CLANG_WARN_DIRECT_OBJC_ISA_USAGE = YES_ERROR;
				CLANG_WARN_EMPTY_BODY = YES;
				CLANG_WARN_ENUM_CONVERSION = YES;
				CLANG_WARN_INT_CONVERSION = YES;
				CLANG_WARN_OBJC_ROOT_CLASS = YES_ERROR;
				CLANG_WARN__DUPLICATE_METHOD_MATCH = YES;
				"CODE_SIGN_IDENTITY[sdk=iphoneos*]" = "iPhone Developer";
				COPY_PHASE_STRIP = NO;
				GCC_C_LANGUAGE_STANDARD = gnu99;
				GCC_DYNAMIC_NO_PIC = NO;
				GCC_OPTIMIZATION_LEVEL = 0;
				GCC_PREPROCESSOR_DEFINITIONS = (
					"DEBUG=1",
					"$(inherited)",
				);
				GCC_SYMBOLS_PRIVATE_EXTERN = NO;
				GCC_WARN_64_TO_32_BIT_CONVERSION = YES;
				GCC_WARN_ABOUT_RETURN_TYPE = YES_ERROR;
				GCC_WARN_UNDECLARED_SELECTOR = YES;
				GCC_WARN_UNINITIALIZED_AUTOS = YES;
				GCC_WARN_UNUSED_FUNCTION = YES;
				GCC_WARN_UNUSED_VARIABLE = YES;
				IPHONEOS_DEPLOYMENT_TARGET = 7.0;
				ONLY_ACTIVE_ARCH = YES;
				SDKROOT = iphoneos;
			};
			name = Debug;
		};
		40079BD81863477B000BD10A /* Release */ = {
			isa = XCBuildConfiguration;
			buildSettings = {
				ALWAYS_SEARCH_USER_PATHS = NO;
				ARCHS = "$(ARCHS_STANDARD_INCLUDING_64_BIT)";
				CLANG_CXX_LANGUAGE_STANDARD = "gnu++0x";
				CLANG_CXX_LIBRARY = "libc++";
				CLANG_ENABLE_MODULES = YES;
				CLANG_ENABLE_OBJC_ARC = YES;
				CLANG_WARN_BOOL_CONVERSION = YES;
				CLANG_WARN_CONSTANT_CONVERSION = YES;
				CLANG_WARN_DIRECT_OBJC_ISA_USAGE = YES_ERROR;
				CLANG_WARN_EMPTY_BODY = YES;
				CLANG_WARN_ENUM_CONVERSION = YES;
				CLANG_WARN_INT_CONVERSION = YES;
				CLANG_WARN_OBJC_ROOT_CLASS = YES_ERROR;
				CLANG_WARN__DUPLICATE_METHOD_MATCH = YES;
				"CODE_SIGN_IDENTITY[sdk=iphoneos*]" = "iPhone Developer";
				COPY_PHASE_STRIP = YES;
				ENABLE_NS_ASSERTIONS = NO;
				GCC_C_LANGUAGE_STANDARD = gnu99;
				GCC_WARN_64_TO_32_BIT_CONVERSION = YES;
				GCC_WARN_ABOUT_RETURN_TYPE = YES_ERROR;
				GCC_WARN_UNDECLARED_SELECTOR = YES;
				GCC_WARN_UNINITIALIZED_AUTOS = YES;
				GCC_WARN_UNUSED_FUNCTION = YES;
				GCC_WARN_UNUSED_VARIABLE = YES;
				IPHONEOS_DEPLOYMENT_TARGET = 7.0;
				SDKROOT = iphoneos;
				VALIDATE_PRODUCT = YES;
			};
			name = Release;
		};
		40079BDA1863477B000BD10A /* Debug */ = {
			isa = XCBuildConfiguration;
			baseConfigurationReference = A9DA28C7C59E42EEA3C80988 /* Pods-ParkingRenter.xcconfig */;
			buildSettings = {
				ASSETCATALOG_COMPILER_APPICON_NAME = AppIcon;
				ASSETCATALOG_COMPILER_LAUNCHIMAGE_NAME = LaunchImage;
				GCC_PRECOMPILE_PREFIX_HEADER = YES;
				GCC_PREFIX_HEADER = "$(SRCROOT)/ParkingRenter/Source/Misc/ParkingRenter-Prefix.pch";
				INFOPLIST_FILE = "$(SRCROOT)/ParkingRenter/Resources/Misc/ParkingRenter-Info.plist";
				PRODUCT_NAME = "$(TARGET_NAME)";
				WRAPPER_EXTENSION = app;
			};
			name = Debug;
		};
		40079BDB1863477B000BD10A /* Release */ = {
			isa = XCBuildConfiguration;
			baseConfigurationReference = A9DA28C7C59E42EEA3C80988 /* Pods-ParkingRenter.xcconfig */;
			buildSettings = {
				ASSETCATALOG_COMPILER_APPICON_NAME = AppIcon;
				ASSETCATALOG_COMPILER_LAUNCHIMAGE_NAME = LaunchImage;
				GCC_PRECOMPILE_PREFIX_HEADER = YES;
				GCC_PREFIX_HEADER = "$(SRCROOT)/ParkingRenter/Source/Misc/ParkingRenter-Prefix.pch";
				INFOPLIST_FILE = "$(SRCROOT)/ParkingRenter/Resources/Misc/ParkingRenter-Info.plist";
				PRODUCT_NAME = "$(TARGET_NAME)";
				WRAPPER_EXTENSION = app;
			};
			name = Release;
		};
		40079BDD1863477B000BD10A /* Debug */ = {
			isa = XCBuildConfiguration;
			buildSettings = {
				ARCHS = "$(ARCHS_STANDARD_INCLUDING_64_BIT)";
				BUNDLE_LOADER = "$(BUILT_PRODUCTS_DIR)/ParkingRenter.app/ParkingRenter";
				FRAMEWORK_SEARCH_PATHS = (
					"$(SDKROOT)/Developer/Library/Frameworks",
					"$(inherited)",
					"$(DEVELOPER_FRAMEWORKS_DIR)",
				);
				GCC_PRECOMPILE_PREFIX_HEADER = YES;
				GCC_PREFIX_HEADER = "ParkingRenter/ParkingRenter-Prefix.pch";
				GCC_PREPROCESSOR_DEFINITIONS = (
					"DEBUG=1",
					"$(inherited)",
				);
				INFOPLIST_FILE = "ParkingRenterTests/ParkingRenterTests-Info.plist";
				PRODUCT_NAME = "$(TARGET_NAME)";
				TEST_HOST = "$(BUNDLE_LOADER)";
				WRAPPER_EXTENSION = xctest;
			};
			name = Debug;
		};
		40079BDE1863477B000BD10A /* Release */ = {
			isa = XCBuildConfiguration;
			buildSettings = {
				ARCHS = "$(ARCHS_STANDARD_INCLUDING_64_BIT)";
				BUNDLE_LOADER = "$(BUILT_PRODUCTS_DIR)/ParkingRenter.app/ParkingRenter";
				FRAMEWORK_SEARCH_PATHS = (
					"$(SDKROOT)/Developer/Library/Frameworks",
					"$(inherited)",
					"$(DEVELOPER_FRAMEWORKS_DIR)",
				);
				GCC_PRECOMPILE_PREFIX_HEADER = YES;
				GCC_PREFIX_HEADER = "ParkingRenter/ParkingRenter-Prefix.pch";
				INFOPLIST_FILE = "ParkingRenterTests/ParkingRenterTests-Info.plist";
				PRODUCT_NAME = "$(TARGET_NAME)";
				TEST_HOST = "$(BUNDLE_LOADER)";
				WRAPPER_EXTENSION = xctest;
			};
			name = Release;
		};
/* End XCBuildConfiguration section */

/* Begin XCConfigurationList section */
		40079BA21863477B000BD10A /* Build configuration list for PBXProject "ParkingRenter" */ = {
			isa = XCConfigurationList;
			buildConfigurations = (
				40079BD71863477B000BD10A /* Debug */,
				40079BD81863477B000BD10A /* Release */,
			);
			defaultConfigurationIsVisible = 0;
			defaultConfigurationName = Release;
		};
		40079BD91863477B000BD10A /* Build configuration list for PBXNativeTarget "ParkingRenter" */ = {
			isa = XCConfigurationList;
			buildConfigurations = (
				40079BDA1863477B000BD10A /* Debug */,
				40079BDB1863477B000BD10A /* Release */,
			);
			defaultConfigurationIsVisible = 0;
			defaultConfigurationName = Release;
		};
		40079BDC1863477B000BD10A /* Build configuration list for PBXNativeTarget "ParkingRenterTests" */ = {
			isa = XCConfigurationList;
			buildConfigurations = (
				40079BDD1863477B000BD10A /* Debug */,
				40079BDE1863477B000BD10A /* Release */,
			);
			defaultConfigurationIsVisible = 0;
			defaultConfigurationName = Release;
		};
/* End XCConfigurationList section */
	};
	rootObject = 40079B9F1863477B000BD10A /* Project object */;
}
